
Microsoft Visual Studio Solution File, Format Version 12.00
# Visual Studio 15
VisualStudioVersion = 15.0.27428.2037
MinimumVisualStudioVersion = 10.0.40219.1
Project("{FAE04EC0-301F-11D3-BF4B-00C04F79EFBC}") = "PropertyPathToObject", "PropertyPathToObject\PropertyPathToObject.csproj", "{2D46418F-2F2B-4F10-8D33-7FD82D4D2B34}"
EndProject
Global
	GlobalSection(SolutionConfigurationPlatforms) = preSolution
		Debug|Any CPU = Debug|Any CPU
		Release|Any CPU = Release|Any CPU
	EndGlobalSection
	GlobalSection(ProjectConfigurationPlatforms) = postSolution
		{2D46418F-2F2B-4F10-8D33-7FD82D4D2B34}.Debug|Any CPU.ActiveCfg = Debug|Any CPU
		{2D46418F-2F2B-4F10-8D33-7FD82D4D2B34}.Debug|Any CPU.Build.0 = Debug|Any CPU
		{2D46418F-2F2B-4F10-8D33-7FD82D4D2B34}.Release|Any CPU.ActiveCfg = Release|Any CPU
		{2D46418F-2F2B-4F10-8D33-7FD82D4D2B34}.Release|Any CPU.Build.0 = Release|Any CPU
	EndGlobalSection
	GlobalSection(SolutionProperties) = preSolution
		HideSolutionNode = FALSE
	EndGlobalSection
	GlobalSection(ExtensibilityGlobals) = postSolution
		SolutionGuid = {29BD09B1-9310-449C-BBEB-D33E5DD429DE}
	EndGlobalSection
EndGlobal
